
Microsoft Visual Studio Solution File, Format Version 12.00
# Visual Studio Version 17
VisualStudioVersion = 17.0.31903.59
MinimumVisualStudioVersion = 10.0.40219.1
Project("{2150E333-8FDC-42A3-9474-1A3956D46DE8}") = "src", "src", "{827E0CD3-B72D-47B6-A68D-7590B98EB39B}"
EndProject
Project("{FAE04EC0-301F-11D3-BF4B-00C04F79EFBC}") = "UsqlMcp.Domain", "src\UsqlMcp.Domain\UsqlMcp.Domain.csproj", "{B2BB9280-FEE3-4D4D-B96B-9A292D344EE1}"
EndProject
Project("{FAE04EC0-301F-11D3-BF4B-00C04F79EFBC}") = "UsqlMcp.Application", "src\UsqlMcp.Application\UsqlMcp.Application.csproj", "{E24ADCA6-98AE-4855-851F-9EFC5A464F7B}"
EndProject
Project("{FAE04EC0-301F-11D3-BF4B-00C04F79EFBC}") = "UsqlMcp.Infrastructure", "src\UsqlMcp.Infrastructure\UsqlMcp.Infrastructure.csproj", "{590605FB-7375-4ABC-9DA9-A5A8853017D4}"
EndProject
Project("{FAE04EC0-301F-11D3-BF4B-00C04F79EFBC}") = "UsqlMcp.Api", "src\UsqlMcp.Api\UsqlMcp.Api.csproj", "{705FEE70-B8F8-4562-AF0A-A01E1F006E3B}"
EndProject
Project("{2150E333-8FDC-42A3-9474-1A3956D46DE8}") = "tests", "tests", "{0AB3BF05-4346-4AA6-1389-037BE0695223}"
EndProject
Project("{FAE04EC0-301F-11D3-BF4B-00C04F79EFBC}") = "UsqlMcp.Domain.Tests", "tests\UsqlMcp.Domain.Tests\UsqlMcp.Domain.Tests.csproj", "{BA25E2DE-8F48-4F41-8AD9-8924FB2A3AF4}"
EndProject
Project("{FAE04EC0-301F-11D3-BF4B-00C04F79EFBC}") = "UsqlMcp.Application.Tests", "tests\UsqlMcp.Application.Tests\UsqlMcp.Application.Tests.csproj", "{51BFECB0-D358-4AB6-AC17-A1235B311E25}"
EndProject
Project("{FAE04EC0-301F-11D3-BF4B-00C04F79EFBC}") = "UsqlMcp.Infrastructure.Tests", "tests\UsqlMcp.Infrastructure.Tests\UsqlMcp.Infrastructure.Tests.csproj", "{B57B0701-B421-47B8-A0B4-CE503AA3B6D7}"
EndProject
Project("{FAE04EC0-301F-11D3-BF4B-00C04F79EFBC}") = "UsqlMcp.Api.Tests", "tests\UsqlMcp.Api.Tests\UsqlMcp.Api.Tests.csproj", "{CBD260F4-594B-4C83-95B6-5B45A9BDB8D3}"
EndProject
Global
	GlobalSection(SolutionConfigurationPlatforms) = preSolution
		Debug|Any CPU = Debug|Any CPU
		Debug|x64 = Debug|x64
		Debug|x86 = Debug|x86
		Release|Any CPU = Release|Any CPU
		Release|x64 = Release|x64
		Release|x86 = Release|x86
	EndGlobalSection
	GlobalSection(ProjectConfigurationPlatforms) = postSolution
		{B2BB9280-FEE3-4D4D-B96B-9A292D344EE1}.Debug|Any CPU.ActiveCfg = Debug|Any CPU
		{B2BB9280-FEE3-4D4D-B96B-9A292D344EE1}.Debug|Any CPU.Build.0 = Debug|Any CPU
		{B2BB9280-FEE3-4D4D-B96B-9A292D344EE1}.Debug|x64.ActiveCfg = Debug|Any CPU
		{B2BB9280-FEE3-4D4D-B96B-9A292D344EE1}.Debug|x64.Build.0 = Debug|Any CPU
		{B2BB9280-FEE3-4D4D-B96B-9A292D344EE1}.Debug|x86.ActiveCfg = Debug|Any CPU
		{B2BB9280-FEE3-4D4D-B96B-9A292D344EE1}.Debug|x86.Build.0 = Debug|Any CPU
		{B2BB9280-FEE3-4D4D-B96B-9A292D344EE1}.Release|Any CPU.ActiveCfg = Release|Any CPU
		{B2BB9280-FEE3-4D4D-B96B-9A292D344EE1}.Release|Any CPU.Build.0 = Release|Any CPU
		{B2BB9280-FEE3-4D4D-B96B-9A292D344EE1}.Release|x64.ActiveCfg = Release|Any CPU
		{B2BB9280-FEE3-4D4D-B96B-9A292D344EE1}.Release|x64.Build.0 = Release|Any CPU
		{B2BB9280-FEE3-4D4D-B96B-9A292D344EE1}.Release|x86.ActiveCfg = Release|Any CPU
		{B2BB9280-FEE3-4D4D-B96B-9A292D344EE1}.Release|x86.Build.0 = Release|Any CPU
		{E24ADCA6-98AE-4855-851F-9EFC5A464F7B}.Debug|Any CPU.ActiveCfg = Debug|Any CPU
		{E24ADCA6-98AE-4855-851F-9EFC5A464F7B}.Debug|Any CPU.Build.0 = Debug|Any CPU
		{E24ADCA6-98AE-4855-851F-9EFC5A464F7B}.Debug|x64.ActiveCfg = Debug|Any CPU
		{E24ADCA6-98AE-4855-851F-9EFC5A464F7B}.Debug|x64.Build.0 = Debug|Any CPU
		{E24ADCA6-98AE-4855-851F-9EFC5A464F7B}.Debug|x86.ActiveCfg = Debug|Any CPU
		{E24ADCA6-98AE-4855-851F-9EFC5A464F7B}.Debug|x86.Build.0 = Debug|Any CPU
		{E24ADCA6-98AE-4855-851F-9EFC5A464F7B}.Release|Any CPU.ActiveCfg = Release|Any CPU
		{E24ADCA6-98AE-4855-851F-9EFC5A464F7B}.Release|Any CPU.Build.0 = Release|Any CPU
		{E24ADCA6-98AE-4855-851F-9EFC5A464F7B}.Release|x64.ActiveCfg = Release|Any CPU
		{E24ADCA6-98AE-4855-851F-9EFC5A464F7B}.Release|x64.Build.0 = Release|Any CPU
		{E24ADCA6-98AE-4855-851F-9EFC5A464F7B}.Release|x86.ActiveCfg = Release|Any CPU
		{E24ADCA6-98AE-4855-851F-9EFC5A464F7B}.Release|x86.Build.0 = Release|Any CPU
		{590605FB-7375-4ABC-9DA9-A5A8853017D4}.Debug|Any CPU.ActiveCfg = Debug|Any CPU
		{590605FB-7375-4ABC-9DA9-A5A8853017D4}.Debug|Any CPU.Build.0 = Debug|Any CPU
		{590605FB-7375-4ABC-9DA9-A5A8853017D4}.Debug|x64.ActiveCfg = Debug|Any CPU
		{590605FB-7375-4ABC-9DA9-A5A8853017D4}.Debug|x64.Build.0 = Debug|Any CPU
		{590605FB-7375-4ABC-9DA9-A5A8853017D4}.Debug|x86.ActiveCfg = Debug|Any CPU
		{590605FB-7375-4ABC-9DA9-A5A8853017D4}.Debug|x86.Build.0 = Debug|Any CPU
		{590605FB-7375-4ABC-9DA9-A5A8853017D4}.Release|Any CPU.ActiveCfg = Release|Any CPU
		{590605FB-7375-4ABC-9DA9-A5A8853017D4}.Release|Any CPU.Build.0 = Release|Any CPU
		{590605FB-7375-4ABC-9DA9-A5A8853017D4}.Release|x64.ActiveCfg = Release|Any CPU
		{590605FB-7375-4ABC-9DA9-A5A8853017D4}.Release|x64.Build.0 = Release|Any CPU
		{590605FB-7375-4ABC-9DA9-A5A8853017D4}.Release|x86.ActiveCfg = Release|Any CPU
		{590605FB-7375-4ABC-9DA9-A5A8853017D4}.Release|x86.Build.0 = Release|Any CPU
		{705FEE70-B8F8-4562-AF0A-A01E1F006E3B}.Debug|Any CPU.ActiveCfg = Debug|Any CPU
		{705FEE70-B8F8-4562-AF0A-A01E1F006E3B}.Debug|Any CPU.Build.0 = Debug|Any CPU
		{705FEE70-B8F8-4562-AF0A-A01E1F006E3B}.Debug|x64.ActiveCfg = Debug|Any CPU
		{705FEE70-B8F8-4562-AF0A-A01E1F006E3B}.Debug|x64.Build.0 = Debug|Any CPU
		{705FEE70-B8F8-4562-AF0A-A01E1F006E3B}.Debug|x86.ActiveCfg = Debug|Any CPU
		{705FEE70-B8F8-4562-AF0A-A01E1F006E3B}.Debug|x86.Build.0 = Debug|Any CPU
		{705FEE70-B8F8-4562-AF0A-A01E1F006E3B}.Release|Any CPU.ActiveCfg = Release|Any CPU
		{705FEE70-B8F8-4562-AF0A-A01E1F006E3B}.Release|Any CPU.Build.0 = Release|Any CPU
		{705FEE70-B8F8-4562-AF0A-A01E1F006E3B}.Release|x64.ActiveCfg = Release|Any CPU
		{705FEE70-B8F8-4562-AF0A-A01E1F006E3B}.Release|x64.Build.0 = Release|Any CPU
		{705FEE70-B8F8-4562-AF0A-A01E1F006E3B}.Release|x86.ActiveCfg = Release|Any CPU
		{705FEE70-B8F8-4562-AF0A-A01E1F006E3B}.Release|x86.Build.0 = Release|Any CPU
		{BA25E2DE-8F48-4F41-8AD9-8924FB2A3AF4}.Debug|Any CPU.ActiveCfg = Debug|Any CPU
		{BA25E2DE-8F48-4F41-8AD9-8924FB2A3AF4}.Debug|Any CPU.Build.0 = Debug|Any CPU
		{BA25E2DE-8F48-4F41-8AD9-8924FB2A3AF4}.Debug|x64.ActiveCfg = Debug|Any CPU
		{BA25E2DE-8F48-4F41-8AD9-8924FB2A3AF4}.Debug|x64.Build.0 = Debug|Any CPU
		{BA25E2DE-8F48-4F41-8AD9-8924FB2A3AF4}.Debug|x86.ActiveCfg = Debug|Any CPU
		{BA25E2DE-8F48-4F41-8AD9-8924FB2A3AF4}.Debug|x86.Build.0 = Debug|Any CPU
		{BA25E2DE-8F48-4F41-8AD9-8924FB2A3AF4}.Release|Any CPU.ActiveCfg = Release|Any CPU
		{BA25E2DE-8F48-4F41-8AD9-8924FB2A3AF4}.Release|Any CPU.Build.0 = Release|Any CPU
		{BA25E2DE-8F48-4F41-8AD9-8924FB2A3AF4}.Release|x64.ActiveCfg = Release|Any CPU
		{BA25E2DE-8F48-4F41-8AD9-8924FB2A3AF4}.Release|x64.Build.0 = Release|Any CPU
		{BA25E2DE-8F48-4F41-8AD9-8924FB2A3AF4}.Release|x86.ActiveCfg = Release|Any CPU
		{BA25E2DE-8F48-4F41-8AD9-8924FB2A3AF4}.Release|x86.Build.0 = Release|Any CPU
		{51BFECB0-D358-4AB6-AC17-A1235B311E25}.Debug|Any CPU.ActiveCfg = Debug|Any CPU
		{51BFECB0-D358-4AB6-AC17-A1235B311E25}.Debug|Any CPU.Build.0 = Debug|Any CPU
		{51BFECB0-D358-4AB6-AC17-A1235B311E25}.Debug|x64.ActiveCfg = Debug|Any CPU
		{51BFECB0-D358-4AB6-AC17-A1235B311E25}.Debug|x64.Build.0 = Debug|Any CPU
		{51BFECB0-D358-4AB6-AC17-A1235B311E25}.Debug|x86.ActiveCfg = Debug|Any CPU
		{51BFECB0-D358-4AB6-AC17-A1235B311E25}.Debug|x86.Build.0 = Debug|Any CPU
		{51BFECB0-D358-4AB6-AC17-A1235B311E25}.Release|Any CPU.ActiveCfg = Release|Any CPU
		{51BFECB0-D358-4AB6-AC17-A1235B311E25}.Release|Any CPU.Build.0 = Release|Any CPU
		{51BFECB0-D358-4AB6-AC17-A1235B311E25}.Release|x64.ActiveCfg = Release|Any CPU
		{51BFECB0-D358-4AB6-AC17-A1235B311E25}.Release|x64.Build.0 = Release|Any CPU
		{51BFECB0-D358-4AB6-AC17-A1235B311E25}.Release|x86.ActiveCfg = Release|Any CPU
		{51BFECB0-D358-4AB6-AC17-A1235B311E25}.Release|x86.Build.0 = Release|Any CPU
		{B57B0701-B421-47B8-A0B4-CE503AA3B6D7}.Debug|Any CPU.ActiveCfg = Debug|Any CPU
		{B57B0701-B421-47B8-A0B4-CE503AA3B6D7}.Debug|Any CPU.Build.0 = Debug|Any CPU
		{B57B0701-B421-47B8-A0B4-CE503AA3B6D7}.Debug|x64.ActiveCfg = Debug|Any CPU
		{B57B0701-B421-47B8-A0B4-CE503AA3B6D7}.Debug|x64.Build.0 = Debug|Any CPU
		{B57B0701-B421-47B8-A0B4-CE503AA3B6D7}.Debug|x86.ActiveCfg = Debug|Any CPU
		{B57B0701-B421-47B8-A0B4-CE503AA3B6D7}.Debug|x86.Build.0 = Debug|Any CPU
		{B57B0701-B421-47B8-A0B4-CE503AA3B6D7}.Release|Any CPU.ActiveCfg = Release|Any CPU
		{B57B0701-B421-47B8-A0B4-CE503AA3B6D7}.Release|Any CPU.Build.0 = Release|Any CPU
		{B57B0701-B421-47B8-A0B4-CE503AA3B6D7}.Release|x64.ActiveCfg = Release|Any CPU
		{B57B0701-B421-47B8-A0B4-CE503AA3B6D7}.Release|x64.Build.0 = Release|Any CPU
		{B57B0701-B421-47B8-A0B4-CE503AA3B6D7}.Release|x86.ActiveCfg = Release|Any CPU
		{B57B0701-B421-47B8-A0B4-CE503AA3B6D7}.Release|x86.Build.0 = Release|Any CPU
		{CBD260F4-594B-4C83-95B6-5B45A9BDB8D3}.Debug|Any CPU.ActiveCfg = Debug|Any CPU
		{CBD260F4-594B-4C83-95B6-5B45A9BDB8D3}.Debug|Any CPU.Build.0 = Debug|Any CPU
		{CBD260F4-594B-4C83-95B6-5B45A9BDB8D3}.Debug|x64.ActiveCfg = Debug|Any CPU
		{CBD260F4-594B-4C83-95B6-5B45A9BDB8D3}.Debug|x64.Build.0 = Debug|Any CPU
		{CBD260F4-594B-4C83-95B6-5B45A9BDB8D3}.Debug|x86.ActiveCfg = Debug|Any CPU
		{CBD260F4-594B-4C83-95B6-5B45A9BDB8D3}.Debug|x86.Build.0 = Debug|Any CPU
		{CBD260F4-594B-4C83-95B6-5B45A9BDB8D3}.Release|Any CPU.ActiveCfg = Release|Any CPU
		{CBD260F4-594B-4C83-95B6-5B45A9BDB8D3}.Release|Any CPU.Build.0 = Release|Any CPU
		{CBD260F4-594B-4C83-95B6-5B45A9BDB8D3}.Release|x64.ActiveCfg = Release|Any CPU
		{CBD260F4-594B-4C83-95B6-5B45A9BDB8D3}.Release|x64.Build.0 = Release|Any CPU
		{CBD260F4-594B-4C83-95B6-5B45A9BDB8D3}.Release|x86.ActiveCfg = Release|Any CPU
		{CBD260F4-594B-4C83-95B6-5B45A9BDB8D3}.Release|x86.Build.0 = Release|Any CPU
	EndGlobalSection
	GlobalSection(SolutionProperties) = preSolution
		HideSolutionNode = FALSE
	EndGlobalSection
	GlobalSection(NestedProjects) = preSolution
		{B2BB9280-FEE3-4D4D-B96B-9A292D344EE1} = {827E0CD3-B72D-47B6-A68D-7590B98EB39B}
		{E24ADCA6-98AE-4855-851F-9EFC5A464F7B} = {827E0CD3-B72D-47B6-A68D-7590B98EB39B}
		{590605FB-7375-4ABC-9DA9-A5A8853017D4} = {827E0CD3-B72D-47B6-A68D-7590B98EB39B}
		{705FEE70-B8F8-4562-AF0A-A01E1F006E3B} = {827E0CD3-B72D-47B6-A68D-7590B98EB39B}
		{BA25E2DE-8F48-4F41-8AD9-8924FB2A3AF4} = {0AB3BF05-4346-4AA6-1389-037BE0695223}
		{51BFECB0-D358-4AB6-AC17-A1235B311E25} = {0AB3BF05-4346-4AA6-1389-037BE0695223}
		{B57B0701-B421-47B8-A0B4-CE503AA3B6D7} = {0AB3BF05-4346-4AA6-1389-037BE0695223}
		{CBD260F4-594B-4C83-95B6-5B45A9BDB8D3} = {0AB3BF05-4346-4AA6-1389-037BE0695223}
	EndGlobalSection
EndGlobal
